
Microsoft Visual Studio Solution File, Format Version 12.00
# Visual Studio Version 17
VisualStudioVersion = 17.0.31903.59
MinimumVisualStudioVersion = 10.0.40219.1
Project("{2150E333-8FDC-42A3-9474-1A3956D46DE8}") = "src", "src", "{827E0CD3-B72D-47B6-A68D-7590B98EB39B}"
EndProject
Project("{2150E333-8FDC-42A3-9474-1A3956D46DE8}") = "services", "services", "{984BB9B3-3FA3-BE33-9484-CAC21695A33C}"
EndProject
Project("{2150E333-8FDC-42A3-9474-1A3956D46DE8}") = "expense-service", "expense-service", "{256B9DC7-321A-943F-606A-FB0DDBA36148}"
EndProject
Project("{FAE04EC0-301F-11D3-BF4B-00C04F79EFBC}") = "ExpenseService.Api", "src\services\expense-service\ExpenseService.Api.csproj", "{2F3686FB-94E4-4273-AB2A-0F2538D338CD}"
EndProject
Project("{2150E333-8FDC-42A3-9474-1A3956D46DE8}") = "notification-service", "notification-service", "{6D0C68FF-078D-35AA-049F-97197C468F8F}"
EndProject
Project("{FAE04EC0-301F-11D3-BF4B-00C04F79EFBC}") = "NotificationService.Api", "src\services\notification-service\NotificationService.Api.csproj", "{7D27E54F-FD18-496E-B359-4F5615905D0B}"
EndProject
Project("{2150E333-8FDC-42A3-9474-1A3956D46DE8}") = "trip-service", "trip-service", "{8192FDB8-8412-2CD8-A8D6-B68A93DF0884}"
EndProject
Project("{FAE04EC0-301F-11D3-BF4B-00C04F79EFBC}") = "TripService.Api", "src\services\trip-service\TripService.Api.csproj", "{97699433-7607-4329-A435-36769C5DB60A}"
EndProject
Project("{2150E333-8FDC-42A3-9474-1A3956D46DE8}") = "user-service", "user-service", "{6609F557-B423-0362-1D82-7F063B29C737}"
EndProject
Project("{FAE04EC0-301F-11D3-BF4B-00C04F79EFBC}") = "UserService.Api", "src\services\user-service\UserService.Api.csproj", "{44A75CD9-7995-4DD5-B823-BCEB89A4F23E}"
EndProject
Global
	GlobalSection(SolutionConfigurationPlatforms) = preSolution
		Debug|Any CPU = Debug|Any CPU
		Debug|x64 = Debug|x64
		Debug|x86 = Debug|x86
		Release|Any CPU = Release|Any CPU
		Release|x64 = Release|x64
		Release|x86 = Release|x86
	EndGlobalSection
	GlobalSection(ProjectConfigurationPlatforms) = postSolution
		{2F3686FB-94E4-4273-AB2A-0F2538D338CD}.Debug|Any CPU.ActiveCfg = Debug|Any CPU
		{2F3686FB-94E4-4273-AB2A-0F2538D338CD}.Debug|Any CPU.Build.0 = Debug|Any CPU
		{2F3686FB-94E4-4273-AB2A-0F2538D338CD}.Debug|x64.ActiveCfg = Debug|Any CPU
		{2F3686FB-94E4-4273-AB2A-0F2538D338CD}.Debug|x64.Build.0 = Debug|Any CPU
		{2F3686FB-94E4-4273-AB2A-0F2538D338CD}.Debug|x86.ActiveCfg = Debug|Any CPU
		{2F3686FB-94E4-4273-AB2A-0F2538D338CD}.Debug|x86.Build.0 = Debug|Any CPU
		{2F3686FB-94E4-4273-AB2A-0F2538D338CD}.Release|Any CPU.ActiveCfg = Release|Any CPU
		{2F3686FB-94E4-4273-AB2A-0F2538D338CD}.Release|Any CPU.Build.0 = Release|Any CPU
		{2F3686FB-94E4-4273-AB2A-0F2538D338CD}.Release|x64.ActiveCfg = Release|Any CPU
		{2F3686FB-94E4-4273-AB2A-0F2538D338CD}.Release|x64.Build.0 = Release|Any CPU
		{2F3686FB-94E4-4273-AB2A-0F2538D338CD}.Release|x86.ActiveCfg = Release|Any CPU
		{2F3686FB-94E4-4273-AB2A-0F2538D338CD}.Release|x86.Build.0 = Release|Any CPU
		{7D27E54F-FD18-496E-B359-4F5615905D0B}.Debug|Any CPU.ActiveCfg = Debug|Any CPU
		{7D27E54F-FD18-496E-B359-4F5615905D0B}.Debug|Any CPU.Build.0 = Debug|Any CPU
		{7D27E54F-FD18-496E-B359-4F5615905D0B}.Debug|x64.ActiveCfg = Debug|Any CPU
		{7D27E54F-FD18-496E-B359-4F5615905D0B}.Debug|x64.Build.0 = Debug|Any CPU
		{7D27E54F-FD18-496E-B359-4F5615905D0B}.Debug|x86.ActiveCfg = Debug|Any CPU
		{7D27E54F-FD18-496E-B359-4F5615905D0B}.Debug|x86.Build.0 = Debug|Any CPU
		{7D27E54F-FD18-496E-B359-4F5615905D0B}.Release|Any CPU.ActiveCfg = Release|Any CPU
		{7D27E54F-FD18-496E-B359-4F5615905D0B}.Release|Any CPU.Build.0 = Release|Any CPU
		{7D27E54F-FD18-496E-B359-4F5615905D0B}.Release|x64.ActiveCfg = Release|Any CPU
		{7D27E54F-FD18-496E-B359-4F5615905D0B}.Release|x64.Build.0 = Release|Any CPU
		{7D27E54F-FD18-496E-B359-4F5615905D0B}.Release|x86.ActiveCfg = Release|Any CPU
		{7D27E54F-FD18-496E-B359-4F5615905D0B}.Release|x86.Build.0 = Release|Any CPU
		{97699433-7607-4329-A435-36769C5DB60A}.Debug|Any CPU.ActiveCfg = Debug|Any CPU
		{97699433-7607-4329-A435-36769C5DB60A}.Debug|Any CPU.Build.0 = Debug|Any CPU
		{97699433-7607-4329-A435-36769C5DB60A}.Debug|x64.ActiveCfg = Debug|Any CPU
		{97699433-7607-4329-A435-36769C5DB60A}.Debug|x64.Build.0 = Debug|Any CPU
		{97699433-7607-4329-A435-36769C5DB60A}.Debug|x86.ActiveCfg = Debug|Any CPU
		{97699433-7607-4329-A435-36769C5DB60A}.Debug|x86.Build.0 = Debug|Any CPU
		{97699433-7607-4329-A435-36769C5DB60A}.Release|Any CPU.ActiveCfg = Release|Any CPU
		{97699433-7607-4329-A435-36769C5DB60A}.Release|Any CPU.Build.0 = Release|Any CPU
		{97699433-7607-4329-A435-36769C5DB60A}.Release|x64.ActiveCfg = Release|Any CPU
		{97699433-7607-4329-A435-36769C5DB60A}.Release|x64.Build.0 = Release|Any CPU
		{97699433-7607-4329-A435-36769C5DB60A}.Release|x86.ActiveCfg = Release|Any CPU
		{97699433-7607-4329-A435-36769C5DB60A}.Release|x86.Build.0 = Release|Any CPU
		{44A75CD9-7995-4DD5-B823-BCEB89A4F23E}.Debug|Any CPU.ActiveCfg = Debug|Any CPU
		{44A75CD9-7995-4DD5-B823-BCEB89A4F23E}.Debug|Any CPU.Build.0 = Debug|Any CPU
		{44A75CD9-7995-4DD5-B823-BCEB89A4F23E}.Debug|x64.ActiveCfg = Debug|Any CPU
		{44A75CD9-7995-4DD5-B823-BCEB89A4F23E}.Debug|x64.Build.0 = Debug|Any CPU
		{44A75CD9-7995-4DD5-B823-BCEB89A4F23E}.Debug|x86.ActiveCfg = Debug|Any CPU
		{44A75CD9-7995-4DD5-B823-BCEB89A4F23E}.Debug|x86.Build.0 = Debug|Any CPU
		{44A75CD9-7995-4DD5-B823-BCEB89A4F23E}.Release|Any CPU.ActiveCfg = Release|Any CPU
		{44A75CD9-7995-4DD5-B823-BCEB89A4F23E}.Release|Any CPU.Build.0 = Release|Any CPU
		{44A75CD9-7995-4DD5-B823-BCEB89A4F23E}.Release|x64.ActiveCfg = Release|Any CPU
		{44A75CD9-7995-4DD5-B823-BCEB89A4F23E}.Release|x64.Build.0 = Release|Any CPU
		{44A75CD9-7995-4DD5-B823-BCEB89A4F23E}.Release|x86.ActiveCfg = Release|Any CPU
		{44A75CD9-7995-4DD5-B823-BCEB89A4F23E}.Release|x86.Build.0 = Release|Any CPU
	EndGlobalSection
	GlobalSection(SolutionProperties) = preSolution
		HideSolutionNode = FALSE
	EndGlobalSection
	GlobalSection(NestedProjects) = preSolution
		{984BB9B3-3FA3-BE33-9484-CAC21695A33C} = {827E0CD3-B72D-47B6-A68D-7590B98EB39B}
		{256B9DC7-321A-943F-606A-FB0DDBA36148} = {984BB9B3-3FA3-BE33-9484-CAC21695A33C}
		{2F3686FB-94E4-4273-AB2A-0F2538D338CD} = {256B9DC7-321A-943F-606A-FB0DDBA36148}
		{6D0C68FF-078D-35AA-049F-97197C468F8F} = {984BB9B3-3FA3-BE33-9484-CAC21695A33C}
		{7D27E54F-FD18-496E-B359-4F5615905D0B} = {6D0C68FF-078D-35AA-049F-97197C468F8F}
		{8192FDB8-8412-2CD8-A8D6-B68A93DF0884} = {984BB9B3-3FA3-BE33-9484-CAC21695A33C}
		{97699433-7607-4329-A435-36769C5DB60A} = {8192FDB8-8412-2CD8-A8D6-B68A93DF0884}
		{6609F557-B423-0362-1D82-7F063B29C737} = {984BB9B3-3FA3-BE33-9484-CAC21695A33C}
		{44A75CD9-7995-4DD5-B823-BCEB89A4F23E} = {6609F557-B423-0362-1D82-7F063B29C737}
	EndGlobalSection
EndGlobal
